
Microsoft Visual Studio Solution File, Format Version 12.00
# Visual Studio Version 17
VisualStudioVersion = 17.10.34928.147
MinimumVisualStudioVersion = 10.0.40219.1
Project("{FAE04EC0-301F-11D3-BF4B-00C04F79EFBC}") = "Assignment13", "Assignment13\Assignment13.csproj", "{AA065620-5765-4608-A156-8D72F839651A}"
EndProject
Global
	GlobalSection(SolutionConfigurationPlatforms) = preSolution
		Debug|Any CPU = Debug|Any CPU
		Release|Any CPU = Release|Any CPU
	EndGlobalSection
	GlobalSection(ProjectConfigurationPlatforms) = postSolution
		{AA065620-5765-4608-A156-8D72F839651A}.Debug|Any CPU.ActiveCfg = Debug|Any CPU
		{AA065620-5765-4608-A156-8D72F839651A}.Debug|Any CPU.Build.0 = Debug|Any CPU
		{AA065620-5765-4608-A156-8D72F839651A}.Release|Any CPU.ActiveCfg = Release|Any CPU
		{AA065620-5765-4608-A156-8D72F839651A}.Release|Any CPU.Build.0 = Release|Any CPU
	EndGlobalSection
	GlobalSection(SolutionProperties) = preSolution
		HideSolutionNode = FALSE
	EndGlobalSection
	GlobalSection(ExtensibilityGlobals) = postSolution
		SolutionGuid = {34938762-EC13-4882-83C0-0A9B85D28F6D}
	EndGlobalSection
EndGlobal
